
Microsoft Visual Studio Solution File, Format Version 12.00
# Visual Studio Version 16
VisualStudioVersion = 16.0.30717.126
MinimumVisualStudioVersion = 10.0.40219.1
Project("{2150E333-8FDC-42A3-9474-1A3956D46DE8}") = "Core", "Core", "{8F7B8385-82E8-4190-906F-CEC116098E1F}"
EndProject
Project("{2150E333-8FDC-42A3-9474-1A3956D46DE8}") = "Presentations", "Presentations", "{A1BFFF41-FA20-442E-8BBC-19BDDB8C24BB}"
EndProject
Project("{2150E333-8FDC-42A3-9474-1A3956D46DE8}") = "Application", "Application", "{B56BD162-F845-4F71-B87F-ED9C4DBDF9C2}"
EndProject
Project("{2150E333-8FDC-42A3-9474-1A3956D46DE8}") = "Domain", "Domain", "{E3B3D174-C364-44C4-BE12-D0DD9DD9490A}"
EndProject
Project("{2150E333-8FDC-42A3-9474-1A3956D46DE8}") = "Infrastructures", "Infrastructures", "{288813F6-B953-41BE-9BF4-F15368E34B0C}"
EndProject
Project("{2150E333-8FDC-42A3-9474-1A3956D46DE8}") = "Middleware", "Middleware", "{AD745A84-D6F3-486D-A2E9-509084400E87}"
EndProject
Project("{FAE04EC0-301F-11D3-BF4B-00C04F79EFBC}") = "BAYSOFT.Core.Application", "src\BAYSOFT.Core.Application\BAYSOFT.Core.Application.csproj", "{3B887BF4-4AD3-4463-A849-B234DA81925E}"
EndProject
Project("{FAE04EC0-301F-11D3-BF4B-00C04F79EFBC}") = "BAYSOFT.Core.Domain", "src\BAYSOFT.Core.Domain\BAYSOFT.Core.Domain.csproj", "{3878F6C5-BFA1-4094-8EE0-2D1F1A28E79A}"
EndProject
Project("{FAE04EC0-301F-11D3-BF4B-00C04F79EFBC}") = "BAYSOFT.Core.Domain.Entities", "src\BAYSOFT.Core.Domain.Entities\BAYSOFT.Core.Domain.Entities.csproj", "{C3111E3B-4CFB-41CB-8615-480B54F7933E}"
EndProject
Project("{FAE04EC0-301F-11D3-BF4B-00C04F79EFBC}") = "BAYSOFT.Core.Domain.Services", "src\BAYSOFT.Core.Domain.Services\BAYSOFT.Core.Domain.Services.csproj", "{D3D1114C-CC6F-464B-9F30-CEB11360DA3A}"
EndProject
Project("{FAE04EC0-301F-11D3-BF4B-00C04F79EFBC}") = "BAYSOFT.Core.Domain.Validations", "src\BAYSOFT.Core.Domain.Validations\BAYSOFT.Core.Domain.Validations.csproj", "{F1CA2494-BA8B-4165-9E33-CEACC023E521}"
EndProject
Project("{FAE04EC0-301F-11D3-BF4B-00C04F79EFBC}") = "BAYSOFT.Core.Domain.Services.Tests", "src\BAYSOFT.Core.Domain.Services.Tests\BAYSOFT.Core.Domain.Services.Tests.csproj", "{CFE55CD5-DDF4-4150-8549-92D69C9A720B}"
EndProject
Project("{FAE04EC0-301F-11D3-BF4B-00C04F79EFBC}") = "BAYSOFT.Core.Infrastructures.Data", "src\BAYSOFT.Core.Infrastructures.Data\BAYSOFT.Core.Infrastructures.Data.csproj", "{3F0311FC-8825-4391-88A1-14D85A7AD1D7}"
EndProject
Project("{FAE04EC0-301F-11D3-BF4B-00C04F79EFBC}") = "BAYSOFT.Core.Infrastructures.Services", "src\BAYSOFT.Core.Infrastructures.Services\BAYSOFT.Core.Infrastructures.Services.csproj", "{FB10FD45-CA50-4350-B549-D15432E43E50}"
EndProject
Project("{FAE04EC0-301F-11D3-BF4B-00C04F79EFBC}") = "BAYSOFT.Middleware", "src\BAYSOFT.Middleware\BAYSOFT.Middleware.csproj", "{8E034192-24E8-478B-B390-7AFD6DE07F68}"
EndProject
Global
	GlobalSection(SolutionConfigurationPlatforms) = preSolution
		Debug|Any CPU = Debug|Any CPU
		Release|Any CPU = Release|Any CPU
	EndGlobalSection
	GlobalSection(ProjectConfigurationPlatforms) = postSolution
		{3B887BF4-4AD3-4463-A849-B234DA81925E}.Debug|Any CPU.ActiveCfg = Debug|Any CPU
		{3B887BF4-4AD3-4463-A849-B234DA81925E}.Debug|Any CPU.Build.0 = Debug|Any CPU
		{3B887BF4-4AD3-4463-A849-B234DA81925E}.Release|Any CPU.ActiveCfg = Release|Any CPU
		{3B887BF4-4AD3-4463-A849-B234DA81925E}.Release|Any CPU.Build.0 = Release|Any CPU
		{3878F6C5-BFA1-4094-8EE0-2D1F1A28E79A}.Debug|Any CPU.ActiveCfg = Debug|Any CPU
		{3878F6C5-BFA1-4094-8EE0-2D1F1A28E79A}.Debug|Any CPU.Build.0 = Debug|Any CPU
		{3878F6C5-BFA1-4094-8EE0-2D1F1A28E79A}.Release|Any CPU.ActiveCfg = Release|Any CPU
		{3878F6C5-BFA1-4094-8EE0-2D1F1A28E79A}.Release|Any CPU.Build.0 = Release|Any CPU
		{C3111E3B-4CFB-41CB-8615-480B54F7933E}.Debug|Any CPU.ActiveCfg = Debug|Any CPU
		{C3111E3B-4CFB-41CB-8615-480B54F7933E}.Debug|Any CPU.Build.0 = Debug|Any CPU
		{C3111E3B-4CFB-41CB-8615-480B54F7933E}.Release|Any CPU.ActiveCfg = Release|Any CPU
		{C3111E3B-4CFB-41CB-8615-480B54F7933E}.Release|Any CPU.Build.0 = Release|Any CPU
		{D3D1114C-CC6F-464B-9F30-CEB11360DA3A}.Debug|Any CPU.ActiveCfg = Debug|Any CPU
		{D3D1114C-CC6F-464B-9F30-CEB11360DA3A}.Debug|Any CPU.Build.0 = Debug|Any CPU
		{D3D1114C-CC6F-464B-9F30-CEB11360DA3A}.Release|Any CPU.ActiveCfg = Release|Any CPU
		{D3D1114C-CC6F-464B-9F30-CEB11360DA3A}.Release|Any CPU.Build.0 = Release|Any CPU
		{F1CA2494-BA8B-4165-9E33-CEACC023E521}.Debug|Any CPU.ActiveCfg = Debug|Any CPU
		{F1CA2494-BA8B-4165-9E33-CEACC023E521}.Debug|Any CPU.Build.0 = Debug|Any CPU
		{F1CA2494-BA8B-4165-9E33-CEACC023E521}.Release|Any CPU.ActiveCfg = Release|Any CPU
		{F1CA2494-BA8B-4165-9E33-CEACC023E521}.Release|Any CPU.Build.0 = Release|Any CPU
		{CFE55CD5-DDF4-4150-8549-92D69C9A720B}.Debug|Any CPU.ActiveCfg = Debug|Any CPU
		{CFE55CD5-DDF4-4150-8549-92D69C9A720B}.Debug|Any CPU.Build.0 = Debug|Any CPU
		{CFE55CD5-DDF4-4150-8549-92D69C9A720B}.Release|Any CPU.ActiveCfg = Release|Any CPU
		{CFE55CD5-DDF4-4150-8549-92D69C9A720B}.Release|Any CPU.Build.0 = Release|Any CPU
		{3F0311FC-8825-4391-88A1-14D85A7AD1D7}.Debug|Any CPU.ActiveCfg = Debug|Any CPU
		{3F0311FC-8825-4391-88A1-14D85A7AD1D7}.Debug|Any CPU.Build.0 = Debug|Any CPU
		{3F0311FC-8825-4391-88A1-14D85A7AD1D7}.Release|Any CPU.ActiveCfg = Release|Any CPU
		{3F0311FC-8825-4391-88A1-14D85A7AD1D7}.Release|Any CPU.Build.0 = Release|Any CPU
		{FB10FD45-CA50-4350-B549-D15432E43E50}.Debug|Any CPU.ActiveCfg = Debug|Any CPU
		{FB10FD45-CA50-4350-B549-D15432E43E50}.Debug|Any CPU.Build.0 = Debug|Any CPU
		{FB10FD45-CA50-4350-B549-D15432E43E50}.Release|Any CPU.ActiveCfg = Release|Any CPU
		{FB10FD45-CA50-4350-B549-D15432E43E50}.Release|Any CPU.Build.0 = Release|Any CPU
		{8E034192-24E8-478B-B390-7AFD6DE07F68}.Debug|Any CPU.ActiveCfg = Debug|Any CPU
		{8E034192-24E8-478B-B390-7AFD6DE07F68}.Debug|Any CPU.Build.0 = Debug|Any CPU
		{8E034192-24E8-478B-B390-7AFD6DE07F68}.Release|Any CPU.ActiveCfg = Release|Any CPU
		{8E034192-24E8-478B-B390-7AFD6DE07F68}.Release|Any CPU.Build.0 = Release|Any CPU
	EndGlobalSection
	GlobalSection(SolutionProperties) = preSolution
		HideSolutionNode = FALSE
	EndGlobalSection
	GlobalSection(NestedProjects) = preSolution
		{B56BD162-F845-4F71-B87F-ED9C4DBDF9C2} = {8F7B8385-82E8-4190-906F-CEC116098E1F}
		{E3B3D174-C364-44C4-BE12-D0DD9DD9490A} = {8F7B8385-82E8-4190-906F-CEC116098E1F}
		{288813F6-B953-41BE-9BF4-F15368E34B0C} = {8F7B8385-82E8-4190-906F-CEC116098E1F}
		{AD745A84-D6F3-486D-A2E9-509084400E87} = {8F7B8385-82E8-4190-906F-CEC116098E1F}
		{3B887BF4-4AD3-4463-A849-B234DA81925E} = {B56BD162-F845-4F71-B87F-ED9C4DBDF9C2}
		{3878F6C5-BFA1-4094-8EE0-2D1F1A28E79A} = {E3B3D174-C364-44C4-BE12-D0DD9DD9490A}
		{C3111E3B-4CFB-41CB-8615-480B54F7933E} = {E3B3D174-C364-44C4-BE12-D0DD9DD9490A}
		{D3D1114C-CC6F-464B-9F30-CEB11360DA3A} = {E3B3D174-C364-44C4-BE12-D0DD9DD9490A}
		{F1CA2494-BA8B-4165-9E33-CEACC023E521} = {E3B3D174-C364-44C4-BE12-D0DD9DD9490A}
		{CFE55CD5-DDF4-4150-8549-92D69C9A720B} = {E3B3D174-C364-44C4-BE12-D0DD9DD9490A}
		{3F0311FC-8825-4391-88A1-14D85A7AD1D7} = {288813F6-B953-41BE-9BF4-F15368E34B0C}
		{FB10FD45-CA50-4350-B549-D15432E43E50} = {288813F6-B953-41BE-9BF4-F15368E34B0C}
		{8E034192-24E8-478B-B390-7AFD6DE07F68} = {AD745A84-D6F3-486D-A2E9-509084400E87}
	EndGlobalSection
	GlobalSection(ExtensibilityGlobals) = postSolution
		SolutionGuid = {A61E65FC-5C34-476D-A7DE-1F71B0CA082B}
	EndGlobalSection
EndGlobal
